
Microsoft Visual Studio Solution File, Format Version 12.00
# Visual Studio 15
VisualStudioVersion = 15.0.28010.2048
MinimumVisualStudioVersion = 10.0.40219.1
Project("{FAE04EC0-301F-11D3-BF4B-00C04F79EFBC}") = "pizzaaa", "pizzaaa\pizzaaa.csproj", "{5BACE9B8-9F95-4FB5-ACA4-A606D0C0D1C7}"
EndProject
Global
	GlobalSection(SolutionConfigurationPlatforms) = preSolution
		Debug|Any CPU = Debug|Any CPU
		Release|Any CPU = Release|Any CPU
	EndGlobalSection
	GlobalSection(ProjectConfigurationPlatforms) = postSolution
		{5BACE9B8-9F95-4FB5-ACA4-A606D0C0D1C7}.Debug|Any CPU.ActiveCfg = Debug|Any CPU
		{5BACE9B8-9F95-4FB5-ACA4-A606D0C0D1C7}.Debug|Any CPU.Build.0 = Debug|Any CPU
		{5BACE9B8-9F95-4FB5-ACA4-A606D0C0D1C7}.Release|Any CPU.ActiveCfg = Release|Any CPU
		{5BACE9B8-9F95-4FB5-ACA4-A606D0C0D1C7}.Release|Any CPU.Build.0 = Release|Any CPU
	EndGlobalSection
	GlobalSection(SolutionProperties) = preSolution
		HideSolutionNode = FALSE
	EndGlobalSection
	GlobalSection(ExtensibilityGlobals) = postSolution
		SolutionGuid = {54F6F600-AFA6-48B4-99D7-52BA7DD3F50A}
	EndGlobalSection
EndGlobal
